
Microsoft Visual Studio Solution File, Format Version 12.00
# Visual Studio 15
VisualStudioVersion = 15.0.28307.271
MinimumVisualStudioVersion = 10.0.40219.1
Project("{FAE04EC0-301F-11D3-BF4B-00C04F79EFBC}") = "Trabalho_IA_03", "Trabalho_IA_03\Trabalho_IA_03.csproj", "{2534675B-E1B4-47FD-918D-45309E95E20E}"
EndProject
Global
	GlobalSection(SolutionConfigurationPlatforms) = preSolution
		Debug|Any CPU = Debug|Any CPU
		Release|Any CPU = Release|Any CPU
	EndGlobalSection
	GlobalSection(ProjectConfigurationPlatforms) = postSolution
		{2534675B-E1B4-47FD-918D-45309E95E20E}.Debug|Any CPU.ActiveCfg = Debug|Any CPU
		{2534675B-E1B4-47FD-918D-45309E95E20E}.Debug|Any CPU.Build.0 = Debug|Any CPU
		{2534675B-E1B4-47FD-918D-45309E95E20E}.Release|Any CPU.ActiveCfg = Release|Any CPU
		{2534675B-E1B4-47FD-918D-45309E95E20E}.Release|Any CPU.Build.0 = Release|Any CPU
	EndGlobalSection
	GlobalSection(SolutionProperties) = preSolution
		HideSolutionNode = FALSE
	EndGlobalSection
	GlobalSection(ExtensibilityGlobals) = postSolution
		SolutionGuid = {D5FE1C0B-88A4-4484-BE63-196119FC3B44}
	EndGlobalSection
EndGlobal
